# This file is automatically @generated by Cargo.
# It is not intended for manual editing.
version = 4

[[package]]
name = "onon_app"
version = "0.1.0"

[[package]]
name = "onon_internals"
version = "0.1.0"
dependencies = [
 "onon_app",
 "onon_render",
]

[[package]]
name = "onon_render"
version = "0.1.0"
